
Microsoft Visual Studio Solution File, Format Version 12.00
# Visual Studio 15
VisualStudioVersion = 15.0.28307.136
MinimumVisualStudioVersion = 10.0.40219.1
Project("{9A19103F-16F7-4668-BE54-9A1E7A4F7556}") = "Klona", "Klona\Klona.csproj", "{FDD5D03B-23A9-41A6-BB5E-1825A373693D}"
EndProject
Project("{FAE04EC0-301F-11D3-BF4B-00C04F79EFBC}") = "DataRepository", "DataRepository\DataRepository.csproj", "{E2C6D5AE-FF76-4F29-9BC5-20AAA1DE4FDD}"
EndProject
Project("{FAE04EC0-301F-11D3-BF4B-00C04F79EFBC}") = "Klona.Tests", "Klona.Tests\Klona.Tests.csproj", "{AB5F2F94-41D9-434C-977A-4328B00CB3E1}"
EndProject
Global
	GlobalSection(SolutionConfigurationPlatforms) = preSolution
		Debug|Any CPU = Debug|Any CPU
		Release|Any CPU = Release|Any CPU
	EndGlobalSection
	GlobalSection(ProjectConfigurationPlatforms) = postSolution
		{FDD5D03B-23A9-41A6-BB5E-1825A373693D}.Debug|Any CPU.ActiveCfg = Debug|Any CPU
		{FDD5D03B-23A9-41A6-BB5E-1825A373693D}.Debug|Any CPU.Build.0 = Debug|Any CPU
		{FDD5D03B-23A9-41A6-BB5E-1825A373693D}.Release|Any CPU.ActiveCfg = Release|Any CPU
		{FDD5D03B-23A9-41A6-BB5E-1825A373693D}.Release|Any CPU.Build.0 = Release|Any CPU
		{E2C6D5AE-FF76-4F29-9BC5-20AAA1DE4FDD}.Debug|Any CPU.ActiveCfg = Debug|Any CPU
		{E2C6D5AE-FF76-4F29-9BC5-20AAA1DE4FDD}.Debug|Any CPU.Build.0 = Debug|Any CPU
		{E2C6D5AE-FF76-4F29-9BC5-20AAA1DE4FDD}.Release|Any CPU.ActiveCfg = Release|Any CPU
		{E2C6D5AE-FF76-4F29-9BC5-20AAA1DE4FDD}.Release|Any CPU.Build.0 = Release|Any CPU
		{AB5F2F94-41D9-434C-977A-4328B00CB3E1}.Debug|Any CPU.ActiveCfg = Debug|Any CPU
		{AB5F2F94-41D9-434C-977A-4328B00CB3E1}.Debug|Any CPU.Build.0 = Debug|Any CPU
		{AB5F2F94-41D9-434C-977A-4328B00CB3E1}.Release|Any CPU.ActiveCfg = Release|Any CPU
		{AB5F2F94-41D9-434C-977A-4328B00CB3E1}.Release|Any CPU.Build.0 = Release|Any CPU
	EndGlobalSection
	GlobalSection(SolutionProperties) = preSolution
		HideSolutionNode = FALSE
	EndGlobalSection
	GlobalSection(ExtensibilityGlobals) = postSolution
		SolutionGuid = {2498B545-7EF0-4257-94C0-FE892DE5F0EF}
	EndGlobalSection
EndGlobal
