
Microsoft Visual Studio Solution File, Format Version 12.00
# Visual Studio 15
VisualStudioVersion = 15.0.28307.136
MinimumVisualStudioVersion = 10.0.40219.1
Project("{FAE04EC0-301F-11D3-BF4B-00C04F79EFBC}") = "Klona", "Klona\Klona.csproj", "{FDD5D03B-23A9-41A6-BB5E-1825A373693D}"
EndProject
Global
	GlobalSection(SolutionConfigurationPlatforms) = preSolution
		Debug|Any CPU = Debug|Any CPU
		Release|Any CPU = Release|Any CPU
	EndGlobalSection
	GlobalSection(ProjectConfigurationPlatforms) = postSolution
		{FDD5D03B-23A9-41A6-BB5E-1825A373693D}.Debug|Any CPU.ActiveCfg = Debug|Any CPU
		{FDD5D03B-23A9-41A6-BB5E-1825A373693D}.Debug|Any CPU.Build.0 = Debug|Any CPU
		{FDD5D03B-23A9-41A6-BB5E-1825A373693D}.Release|Any CPU.ActiveCfg = Release|Any CPU
		{FDD5D03B-23A9-41A6-BB5E-1825A373693D}.Release|Any CPU.Build.0 = Release|Any CPU
	EndGlobalSection
	GlobalSection(SolutionProperties) = preSolution
		HideSolutionNode = FALSE
	EndGlobalSection
	GlobalSection(ExtensibilityGlobals) = postSolution
		SolutionGuid = {2498B545-7EF0-4257-94C0-FE892DE5F0EF}
	EndGlobalSection
EndGlobal
